
Microsoft Visual Studio Solution File, Format Version 12.00
# Visual Studio 14
VisualStudioVersion = 14.0.23107.0
MinimumVisualStudioVersion = 10.0.40219.1
Project("{070BCB52-5A75-4F8C-A973-144AF0EAFCC9}") = "platform-friends-hybrid", "platform-friends-hybrid\platform-friends-hybrid.iceproj", "{30AD3C6D-5200-4166-8FA0-71CD89B6977B}"
EndProject
Global
	GlobalSection(SolutionConfigurationPlatforms) = preSolution
		Debug|Any CPU = Debug|Any CPU
		Release|Any CPU = Release|Any CPU
	EndGlobalSection
	GlobalSection(ProjectConfigurationPlatforms) = postSolution
		{30AD3C6D-5200-4166-8FA0-71CD89B6977B}.Debug|Any CPU.ActiveCfg = Debug|Any CPU
		{30AD3C6D-5200-4166-8FA0-71CD89B6977B}.Debug|Any CPU.Build.0 = Debug|Any CPU
		{30AD3C6D-5200-4166-8FA0-71CD89B6977B}.Release|Any CPU.ActiveCfg = Release|Any CPU
		{30AD3C6D-5200-4166-8FA0-71CD89B6977B}.Release|Any CPU.Build.0 = Release|Any CPU
	EndGlobalSection
	GlobalSection(SolutionProperties) = preSolution
		HideSolutionNode = FALSE
	EndGlobalSection
EndGlobal
